
Microsoft Visual Studio Solution File, Format Version 12.00
# Visual Studio Version 16
VisualStudioVersion = 16.0.30204.135
MinimumVisualStudioVersion = 10.0.40219.1
Project("{8BC9CEB8-8B4A-11D0-8D11-00A0C91BC942}") = "WasatchVCPPLib", "WasatchVCPPLib\WasatchVCPPLib.vcxproj", "{A9331DF9-3A21-41BB-9ACF-57412FE1E504}"
EndProject
Project("{8BC9CEB8-8B4A-11D0-8D11-00A0C91BC942}") = "WasatchVCPPDemo", "WasatchVCPPDemo\WasatchVCPPDemo.vcxproj", "{5FC1382A-DB39-408D-A7DC-E1113EE3B7DF}"
EndProject
Project("{54435603-DBB4-11D2-8724-00A0C9A8B90C}") = "Setup32", "Setup32\Setup32.vdproj", "{F97EE8C4-1D3C-4807-960F-3F344E66AA7E}"
EndProject
Project("{54435603-DBB4-11D2-8724-00A0C9A8B90C}") = "Setup64", "Setup64\Setup64.vdproj", "{7DA90A08-E450-453A-9780-B049BA8AA62F}"
EndProject
Global
	GlobalSection(SolutionConfigurationPlatforms) = preSolution
		Debug|x64 = Debug|x64
		Debug|x86 = Debug|x86
		Release|x64 = Release|x64
		Release|x86 = Release|x86
	EndGlobalSection
	GlobalSection(ProjectConfigurationPlatforms) = postSolution
		{A9331DF9-3A21-41BB-9ACF-57412FE1E504}.Debug|x64.ActiveCfg = Debug|x64
		{A9331DF9-3A21-41BB-9ACF-57412FE1E504}.Debug|x64.Build.0 = Debug|x64
		{A9331DF9-3A21-41BB-9ACF-57412FE1E504}.Debug|x86.ActiveCfg = Debug|Win32
		{A9331DF9-3A21-41BB-9ACF-57412FE1E504}.Debug|x86.Build.0 = Debug|Win32
		{A9331DF9-3A21-41BB-9ACF-57412FE1E504}.Release|x64.ActiveCfg = Release|x64
		{A9331DF9-3A21-41BB-9ACF-57412FE1E504}.Release|x64.Build.0 = Release|x64
		{A9331DF9-3A21-41BB-9ACF-57412FE1E504}.Release|x86.ActiveCfg = Release|Win32
		{A9331DF9-3A21-41BB-9ACF-57412FE1E504}.Release|x86.Build.0 = Release|Win32
		{5FC1382A-DB39-408D-A7DC-E1113EE3B7DF}.Debug|x64.ActiveCfg = Debug|x64
		{5FC1382A-DB39-408D-A7DC-E1113EE3B7DF}.Debug|x64.Build.0 = Debug|x64
		{5FC1382A-DB39-408D-A7DC-E1113EE3B7DF}.Debug|x86.ActiveCfg = Debug|Win32
		{5FC1382A-DB39-408D-A7DC-E1113EE3B7DF}.Debug|x86.Build.0 = Debug|Win32
		{5FC1382A-DB39-408D-A7DC-E1113EE3B7DF}.Release|x64.ActiveCfg = Release|x64
		{5FC1382A-DB39-408D-A7DC-E1113EE3B7DF}.Release|x64.Build.0 = Release|x64
		{5FC1382A-DB39-408D-A7DC-E1113EE3B7DF}.Release|x86.ActiveCfg = Release|Win32
		{5FC1382A-DB39-408D-A7DC-E1113EE3B7DF}.Release|x86.Build.0 = Release|Win32
		{F97EE8C4-1D3C-4807-960F-3F344E66AA7E}.Debug|x64.ActiveCfg = Debug
		{F97EE8C4-1D3C-4807-960F-3F344E66AA7E}.Debug|x86.ActiveCfg = Debug
		{F97EE8C4-1D3C-4807-960F-3F344E66AA7E}.Debug|x86.Build.0 = Debug
		{F97EE8C4-1D3C-4807-960F-3F344E66AA7E}.Release|x64.ActiveCfg = Release
		{F97EE8C4-1D3C-4807-960F-3F344E66AA7E}.Release|x86.ActiveCfg = Release
		{F97EE8C4-1D3C-4807-960F-3F344E66AA7E}.Release|x86.Build.0 = Release
		{7DA90A08-E450-453A-9780-B049BA8AA62F}.Debug|x64.ActiveCfg = Debug
		{7DA90A08-E450-453A-9780-B049BA8AA62F}.Debug|x64.Build.0 = Debug
		{7DA90A08-E450-453A-9780-B049BA8AA62F}.Debug|x86.ActiveCfg = Debug
		{7DA90A08-E450-453A-9780-B049BA8AA62F}.Release|x64.ActiveCfg = Release
		{7DA90A08-E450-453A-9780-B049BA8AA62F}.Release|x64.Build.0 = Release
		{7DA90A08-E450-453A-9780-B049BA8AA62F}.Release|x86.ActiveCfg = Release
	EndGlobalSection
	GlobalSection(SolutionProperties) = preSolution
		HideSolutionNode = FALSE
	EndGlobalSection
	GlobalSection(ExtensibilityGlobals) = postSolution
		SolutionGuid = {BDDE56AD-388D-404C-BE4A-9BA794D2E0E3}
	EndGlobalSection
EndGlobal
